
Microsoft Visual Studio Solution File, Format Version 12.00
Project("{FAE04EC0-301F-11D3-BF4B-00C04F79EFBC}") = "PokemonReviewApp", "PokemonReviewApp\PokemonReviewApp.csproj", "{DA3DB577-F65B-43D7-8EE7-B475D1CD3894}"
EndProject
Global
	GlobalSection(SolutionConfigurationPlatforms) = preSolution
		Debug|Any CPU = Debug|Any CPU
		Release|Any CPU = Release|Any CPU
	EndGlobalSection
	GlobalSection(ProjectConfigurationPlatforms) = postSolution
		{DA3DB577-F65B-43D7-8EE7-B475D1CD3894}.Debug|Any CPU.ActiveCfg = Debug|Any CPU
		{DA3DB577-F65B-43D7-8EE7-B475D1CD3894}.Debug|Any CPU.Build.0 = Debug|Any CPU
		{DA3DB577-F65B-43D7-8EE7-B475D1CD3894}.Release|Any CPU.ActiveCfg = Release|Any CPU
		{DA3DB577-F65B-43D7-8EE7-B475D1CD3894}.Release|Any CPU.Build.0 = Release|Any CPU
	EndGlobalSection
EndGlobal
